# This file is autogenerated, do not edit; changes may be undone by the next 'dep ensure'.


[[projects]]
  branch = "master"
  name = "github.com/google/shlex"
  packages = ["."]
  revision = "c34317bd91bf98fab745d77b03933cf8769299fe"

[[projects]]
  name = "github.com/sgreben/sshtunnel"
  packages = [".","backoff","connpipe","exec"]
  revision = "db7fb94c89c12b2ea90f2df1a24c0b8cbcfee1f8"
  version = "1.0.9"

[[projects]]
  branch = "master"
  name = "golang.org/x/crypto"
  packages = ["curve25519","ed25519","ed25519/internal/edwards25519","internal/chacha20","internal/subtle","poly1305","ssh","ssh/agent"]
  revision = "ff983b9c42bc9fbf91556e191cc8efb585c16908"

[solve-meta]
  analyzer-name = "dep"
  analyzer-version = 1
  inputs-digest = "e4f5f0b0b2c1219de7a1f6f6d6236f332f465536f9a86fa6c8b341b498394f0e"
  solver-name = "gps-cdcl"
  solver-version = 1
